
Microsoft Visual Studio Solution File, Format Version 12.00
# Visual Studio Version 16
VisualStudioVersion = 16.0.29709.97
MinimumVisualStudioVersion = 10.0.40219.1
Project("{FAE04EC0-301F-11D3-BF4B-00C04F79EFBC}") = "EX _3A_Errors and Exceptions", "EX _3A_Errors and Exceptions.csproj", "{D6F768D3-7F2B-41E0-8CB8-BC500369183F}"
EndProject
Global
	GlobalSection(SolutionConfigurationPlatforms) = preSolution
		Debug|Any CPU = Debug|Any CPU
		Release|Any CPU = Release|Any CPU
	EndGlobalSection
	GlobalSection(ProjectConfigurationPlatforms) = postSolution
		{D6F768D3-7F2B-41E0-8CB8-BC500369183F}.Debug|Any CPU.ActiveCfg = Debug|Any CPU
		{D6F768D3-7F2B-41E0-8CB8-BC500369183F}.Debug|Any CPU.Build.0 = Debug|Any CPU
		{D6F768D3-7F2B-41E0-8CB8-BC500369183F}.Release|Any CPU.ActiveCfg = Release|Any CPU
		{D6F768D3-7F2B-41E0-8CB8-BC500369183F}.Release|Any CPU.Build.0 = Release|Any CPU
	EndGlobalSection
	GlobalSection(SolutionProperties) = preSolution
		HideSolutionNode = FALSE
	EndGlobalSection
	GlobalSection(ExtensibilityGlobals) = postSolution
		SolutionGuid = {DF6A14A2-333D-4EDA-B3AE-9BA80A16DB8B}
	EndGlobalSection
EndGlobal
